// !$*UTF8*$!
{
	archiveVersion = 1;
	classes = {
	};
	objectVersion = 46;
	objects = {

/* Begin PBXBuildFile section */
		80C833161A71CD1200CC065D /* AppDelegate.swift in Sources */ = {isa = PBXBuildFile; fileRef = 80C833151A71CD1200CC065D /* AppDelegate.swift */; };
		80C833181A71CD1200CC065D /* ViewController.swift in Sources */ = {isa = PBXBuildFile; fileRef = 80C833171A71CD1200CC065D /* ViewController.swift */; };
		80C8331B1A71CD1200CC065D /* Main.storyboard in Resources */ = {isa = PBXBuildFile; fileRef = 80C833191A71CD1200CC065D /* Main.storyboard */; };
		80C8331D1A71CD1200CC065D /* Images.xcassets in Resources */ = {isa = PBXBuildFile; fileRef = 80C8331C1A71CD1200CC065D /* Images.xcassets */; };
		80C833201A71CD1200CC065D /* LaunchScreen.xib in Resources */ = {isa = PBXBuildFile; fileRef = 80C8331E1A71CD1200CC065D /* LaunchScreen.xib */; };
		80C8332C1A71CD1200CC065D /* FunFactsTests.swift in Sources */ = {isa = PBXBuildFile; fileRef = 80C8332B1A71CD1200CC065D /* FunFactsTests.swift */; };
/* End PBXBuildFile section */

/* Begin PBXContainerItemProxy section */
		80C833261A71CD1200CC065D /* PBXContainerItemProxy */ = {
			isa = PBXContainerItemProxy;
			containerPortal = 80C833081A71CD1200CC065D /* Project object */;
			proxyType = 1;
			remoteGlobalIDString = 80C8330F1A71CD1200CC065D;
			remoteInfo = FunFacts;
		};
/* End PBXContainerItemProxy section */

/* Begin PBXFileReference section */
		80C833101A71CD1200CC065D /* FunFacts.app */ = {isa = PBXFileReference; explicitFileType = wrapper.application; includeInIndex = 0; path = FunFacts.app; sourceTree = BUILT_PRODUCTS_DIR; };
		80C833141A71CD1200CC065D /* Info.plist */ = {isa = PBXFileReference; lastKnownFileType = text.plist.xml; path = Info.plist; sourceTree = "<group>"; };
		80C833151A71CD1200CC065D /* AppDelegate.swift */ = {isa = PBXFileReference; lastKnownFileType = sourcecode.swift; path = AppDelegate.swift; sourceTree = "<group>"; };
		80C833171A71CD1200CC065D /* ViewController.swift */ = {isa = PBXFileReference; lastKnownFileType = sourcecode.swift; path = ViewController.swift; sourceTree = "<group>"; };
		80C8331A1A71CD1200CC065D /* Base */ = {isa = PBXFileReference; lastKnownFileType = file.storyboard; name = Base; path = Base.lproj/Main.storyboard; sourceTree = "<group>"; };
		80C8331C1A71CD1200CC065D /* Images.xcassets */ = {isa = PBXFileReference; lastKnownFileType = folder.assetcatalog; path = Images.xcassets; sourceTree = "<group>"; };
		80C8331F1A71CD1200CC065D /* Base */ = {isa = PBXFileReference; lastKnownFileType = file.xib; name = Base; path = Base.lproj/LaunchScreen.xib; sourceTree = "<group>"; };
		80C833251A71CD1200CC065D /* FunFactsTests.xctest */ = {isa = PBXFileReference; explicitFileType = wrapper.cfbundle; includeInIndex = 0; path = FunFactsTests.xctest; sourceTree = BUILT_PRODUCTS_DIR; };
		80C8332A1A71CD1200CC065D /* Info.plist */ = {isa = PBXFileReference; lastKnownFileType = text.plist.xml; path = Info.plist; sourceTree = "<group>"; };
		80C8332B1A71CD1200CC065D /* FunFactsTests.swift */ = {isa = PBXFileReference; lastKnownFileType = sourcecode.swift; path = FunFactsTests.swift; sourceTree = "<group>"; };
/* End PBXFileReference section */

/* Begin PBXFrameworksBuildPhase section */
		80C8330D1A71CD1200CC065D /* Frameworks */ = {
			isa = PBXFrameworksBuildPhase;
			buildActionMask = 2147483647;
			files = (
			);
			runOnlyForDeploymentPostprocessing = 0;
		};
		80C833221A71CD1200CC065D /* Frameworks */ = {
			isa = PBXFrameworksBuildPhase;
			buildActionMask = 2147483647;
			files = (
			);
			runOnlyForDeploymentPostprocessing = 0;
		};
/* End PBXFrameworksBuildPhase section */

/* Begin PBXGroup section */
		80C833071A71CD1200CC065D = {
			isa = PBXGroup;
			children = (
				80C833121A71CD1200CC065D /* FunFacts */,
				80C833281A71CD1200CC065D /* FunFactsTests */,
				80C833111A71CD1200CC065D /* Products */,
			);
			sourceTree = "<group>";
		};
		80C833111A71CD1200CC065D /* Products */ = {
			isa = PBXGroup;
			children = (
				80C833101A71CD1200CC065D /* FunFacts.app */,
				80C833251A71CD1200CC065D /* FunFactsTests.xctest */,
			);
			name = Products;
			sourceTree = "<group>";
		};
		80C833121A71CD1200CC065D /* FunFacts */ = {
			isa = PBXGroup;
			children = (
				80C833151A71CD1200CC065D /* AppDelegate.swift */,
				80C833171A71CD1200CC065D /* ViewController.swift */,
				80C833191A71CD1200CC065D /* Main.storyboard */,
				80C8331C1A71CD1200CC065D /* Images.xcassets */,
				80C8331E1A71CD1200CC065D /* LaunchScreen.xib */,
				80C833131A71CD1200CC065D /* Supporting Files */,
			);
			path = FunFacts;
			sourceTree = "<group>";
		};
		80C833131A71CD1200CC065D /* Supporting Files */ = {
			isa = PBXGroup;
			children = (
				80C833141A71CD1200CC065D /* Info.plist */,
			);
			name = "Supporting Files";
			sourceTree = "<group>";
		};
		80C833281A71CD1200CC065D /* FunFactsTests */ = {
			isa = PBXGroup;
			children = (
				80C8332B1A71CD1200CC065D /* FunFactsTests.swift */,
				80C833291A71CD1200CC065D /* Supporting Files */,
			);
			path = FunFactsTests;
			sourceTree = "<group>";
		};
		80C833291A71CD1200CC065D /* Supporting Files */ = {
			isa = PBXGroup;
			children = (
				80C8332A1A71CD1200CC065D /* Info.plist */,
			);
			name = "Supporting Files";
			sourceTree = "<group>";
		};
/* End PBXGroup section */

/* Begin PBXNativeTarget section */
		80C8330F1A71CD1200CC065D /* FunFacts */ = {
			isa = PBXNativeTarget;
			buildConfigurationList = 80C8332F1A71CD1200CC065D /* Build configuration list for PBXNativeTarget "FunFacts" */;
			buildPhases = (
				80C8330C1A71CD1200CC065D /* Sources */,
				80C8330D1A71CD1200CC065D /* Frameworks */,
				80C8330E1A71CD1200CC065D /* Resources */,
			);
			buildRules = (
			);
			dependencies = (
			);
			name = FunFacts;
			productName = FunFacts;
			productReference = 80C833101A71CD1200CC065D /* FunFacts.app */;
			productType = "com.apple.product-type.application";
		};
		80C833241A71CD1200CC065D /* FunFactsTests */ = {
			isa = PBXNativeTarget;
			buildConfigurationList = 80C833321A71CD1200CC065D /* Build configuration list for PBXNativeTarget "FunFactsTests" */;
			buildPhases = (
				80C833211A71CD1200CC065D /* Sources */,
				80C833221A71CD1200CC065D /* Frameworks */,
				80C833231A71CD1200CC065D /* Resources */,
			);
			buildRules = (
			);
			dependencies = (
				80C833271A71CD1200CC065D /* PBXTargetDependency */,
			);
			name = FunFactsTests;
			productName = FunFactsTests;
			productReference = 80C833251A71CD1200CC065D /* FunFactsTests.xctest */;
			productType = "com.apple.product-type.bundle.unit-test";
		};
/* End PBXNativeTarget section */

/* Begin PBXProject section */
		80C833081A71CD1200CC065D /* Project object */ = {
			isa = PBXProject;
			attributes = {
				LastUpgradeCheck = 0610;
				ORGANIZATIONNAME = BrandonCato;
				TargetAttributes = {
					80C8330F1A71CD1200CC065D = {
						CreatedOnToolsVersion = 6.1.1;
					};
					80C833241A71CD1200CC065D = {
						CreatedOnToolsVersion = 6.1.1;
						TestTargetID = 80C8330F1A71CD1200CC065D;
					};
				};
			};
			buildConfigurationList = 80C8330B1A71CD1200CC065D /* Build configuration list for PBXProject "FunFacts" */;
			compatibilityVersion = "Xcode 3.2";
			developmentRegion = English;
			hasScannedForEncodings = 0;
			knownRegions = (
				en,
				Base,
			);
			mainGroup = 80C833071A71CD1200CC065D;
			productRefGroup = 80C833111A71CD1200CC065D /* Products */;
			projectDirPath = "";
			projectRoot = "";
			targets = (
				80C8330F1A71CD1200CC065D /* FunFacts */,
				80C833241A71CD1200CC065D /* FunFactsTests */,
			);
		};
/* End PBXProject section */

/* Begin PBXResourcesBuildPhase section */
		80C8330E1A71CD1200CC065D /* Resources */ = {
			isa = PBXResourcesBuildPhase;
			buildActionMask = 2147483647;
			files = (
				80C8331B1A71CD1200CC065D /* Main.storyboard in Resources */,
				80C833201A71CD1200CC065D /* LaunchScreen.xib in Resources */,
				80C8331D1A71CD1200CC065D /* Images.xcassets in Resources */,
			);
			runOnlyForDeploymentPostprocessing = 0;
		};
		80C833231A71CD1200CC065D /* Resources */ = {
			isa = PBXResourcesBuildPhase;
			buildActionMask = 2147483647;
			files = (
			);
			runOnlyForDeploymentPostprocessing = 0;
		};
/* End PBXResourcesBuildPhase section */

/* Begin PBXSourcesBuildPhase section */
		80C8330C1A71CD1200CC065D /* Sources */ = {
			isa = PBXSourcesBuildPhase;
			buildActionMask = 2147483647;
			files = (
				80C833181A71CD1200CC065D /* ViewController.swift in Sources */,
				80C833161A71CD1200CC065D /* AppDelegate.swift in Sources */,
			);
			runOnlyForDeploymentPostprocessing = 0;
		};
		80C833211A71CD1200CC065D /* Sources */ = {
			isa = PBXSourcesBuildPhase;
			buildActionMask = 2147483647;
			files = (
				80C8332C1A71CD1200CC065D /* FunFactsTests.swift in Sources */,
			);
			runOnlyForDeploymentPostprocessing = 0;
		};
/* End PBXSourcesBuildPhase section */

/* Begin PBXTargetDependency section */
		80C833271A71CD1200CC065D /* PBXTargetDependency */ = {
			isa = PBXTargetDependency;
			target = 80C8330F1A71CD1200CC065D /* FunFacts */;
			targetProxy = 80C833261A71CD1200CC065D /* PBXContainerItemProxy */;
		};
/* End PBXTargetDependency section */

/* Begin PBXVariantGroup section */
		80C833191A71CD1200CC065D /* Main.storyboard */ = {
			isa = PBXVariantGroup;
			children = (
				80C8331A1A71CD1200CC065D /* Base */,
			);
			name = Main.storyboard;
			sourceTree = "<group>";
		};
		80C8331E1A71CD1200CC065D /* LaunchScreen.xib */ = {
			isa = PBXVariantGroup;
			children = (
				80C8331F1A71CD1200CC065D /* Base */,
			);
			name = LaunchScreen.xib;
			sourceTree = "<group>";
		};
/* End PBXVariantGroup section */

/* Begin XCBuildConfiguration section */
		80C8332D1A71CD1200CC065D /* Debug */ = {
			isa = XCBuildConfiguration;
			buildSettings = {
				ALWAYS_SEARCH_USER_PATHS = NO;
				CLANG_CXX_LANGUAGE_STANDARD = "gnu++0x";
				CLANG_CXX_LIBRARY = "libc++";
				CLANG_ENABLE_MODULES = YES;
				CLANG_ENABLE_OBJC_ARC = YES;
				CLANG_WARN_BOOL_CONVERSION = YES;
				CLANG_WARN_CONSTANT_CONVERSION = YES;
				CLANG_WARN_DIRECT_OBJC_ISA_USAGE = YES_ERROR;
				CLANG_WARN_EMPTY_BODY = YES;
				CLANG_WARN_ENUM_CONVERSION = YES;
				CLANG_WARN_INT_CONVERSION = YES;
				CLANG_WARN_OBJC_ROOT_CLASS = YES_ERROR;
				CLANG_WARN_UNREACHABLE_CODE = YES;
				CLANG_WARN__DUPLICATE_METHOD_MATCH = YES;
				"CODE_SIGN_IDENTITY[sdk=iphoneos*]" = "iPhone Developer";
				COPY_PHASE_STRIP = NO;
				ENABLE_STRICT_OBJC_MSGSEND = YES;
				GCC_C_LANGUAGE_STANDARD = gnu99;
				GCC_DYNAMIC_NO_PIC = NO;
				GCC_OPTIMIZATION_LEVEL = 0;
				GCC_PREPROCESSOR_DEFINITIONS = (
					"DEBUG=1",
					"$(inherited)",
				);
				GCC_SYMBOLS_PRIVATE_EXTERN = NO;
				GCC_WARN_64_TO_32_BIT_CONVERSION = YES;
				GCC_WARN_ABOUT_RETURN_TYPE = YES_ERROR;
				GCC_WARN_UNDECLARED_SELECTOR = YES;
				GCC_WARN_UNINITIALIZED_AUTOS = YES_AGGRESSIVE;
				GCC_WARN_UNUSED_FUNCTION = YES;
				GCC_WARN_UNUSED_VARIABLE = YES;
				IPHONEOS_DEPLOYMENT_TARGET = 8.1;
				MTL_ENABLE_DEBUG_INFO = YES;
				ONLY_ACTIVE_ARCH = YES;
				SDKROOT = iphoneos;
				SWIFT_OPTIMIZATION_LEVEL = "-Onone";
			};
			name = Debug;
		};
		80C8332E1A71CD1200CC065D /* Release */ = {
			isa = XCBuildConfiguration;
			buildSettings = {
				ALWAYS_SEARCH_USER_PATHS = NO;
				CLANG_CXX_LANGUAGE_STANDARD = "gnu++0x";
				CLANG_CXX_LIBRARY = "libc++";
				CLANG_ENABLE_MODULES = YES;
				CLANG_ENABLE_OBJC_ARC = YES;
				CLANG_WARN_BOOL_CONVERSION = YES;
				CLANG_WARN_CONSTANT_CONVERSION = YES;
				CLANG_WARN_DIRECT_OBJC_ISA_USAGE = YES_ERROR;
				CLANG_WARN_EMPTY_BODY = YES;
				CLANG_WARN_ENUM_CONVERSION = YES;
				CLANG_WARN_INT_CONVERSION = YES;
				CLANG_WARN_OBJC_ROOT_CLASS = YES_ERROR;
				CLANG_WARN_UNREACHABLE_CODE = YES;
				CLANG_WARN__DUPLICATE_METHOD_MATCH = YES;
				"CODE_SIGN_IDENTITY[sdk=iphoneos*]" = "iPhone Developer";
				COPY_PHASE_STRIP = YES;
				ENABLE_NS_ASSERTIONS = NO;
				ENABLE_STRICT_OBJC_MSGSEND = YES;
				GCC_C_LANGUAGE_STANDARD = gnu99;
				GCC_WARN_64_TO_32_BIT_CONVERSION = YES;
				GCC_WARN_ABOUT_RETURN_TYPE = YES_ERROR;
				GCC_WARN_UNDECLARED_SELECTOR = YES;
				GCC_WARN_UNINITIALIZED_AUTOS = YES_AGGRESSIVE;
				GCC_WARN_UNUSED_FUNCTION = YES;
				GCC_WARN_UNUSED_VARIABLE = YES;
				IPHONEOS_DEPLOYMENT_TARGET = 8.1;
				MTL_ENABLE_DEBUG_INFO = NO;
				SDKROOT = iphoneos;
				VALIDATE_PRODUCT = YES;
			};
			name = Release;
		};
		80C833301A71CD1200CC065D /* Debug */ = {
			isa = XCBuildConfiguration;
			buildSettings = {
				ASSETCATALOG_COMPILER_APPICON_NAME = AppIcon;
				INFOPLIST_FILE = FunFacts/Info.plist;
				LD_RUNPATH_SEARCH_PATHS = "$(inherited) @executable_path/Frameworks";
				PRODUCT_NAME = "$(TARGET_NAME)";
			};
			name = Debug;
		};
		80C833311A71CD1200CC065D /* Release */ = {
			isa = XCBuildConfiguration;
			buildSettings = {
				ASSETCATALOG_COMPILER_APPICON_NAME = AppIcon;
				INFOPLIST_FILE = FunFacts/Info.plist;
				LD_RUNPATH_SEARCH_PATHS = "$(inherited) @executable_path/Frameworks";
				PRODUCT_NAME = "$(TARGET_NAME)";
			};
			name = Release;
		};
		80C833331A71CD1200CC065D /* Debug */ = {
			isa = XCBuildConfiguration;
			buildSettings = {
				BUNDLE_LOADER = "$(TEST_HOST)";
				FRAMEWORK_SEARCH_PATHS = (
					"$(SDKROOT)/Developer/Library/Frameworks",
					"$(inherited)",
				);
				GCC_PREPROCESSOR_DEFINITIONS = (
					"DEBUG=1",
					"$(inherited)",
				);
				INFOPLIST_FILE = FunFactsTests/Info.plist;
				LD_RUNPATH_SEARCH_PATHS = "$(inherited) @executable_path/Frameworks @loader_path/Frameworks";
				PRODUCT_NAME = "$(TARGET_NAME)";
				TEST_HOST = "$(BUILT_PRODUCTS_DIR)/FunFacts.app/FunFacts";
			};
			name = Debug;
		};
		80C833341A71CD1200CC065D /* Release */ = {
			isa = XCBuildConfiguration;
			buildSettings = {
				BUNDLE_LOADER = "$(TEST_HOST)";
				FRAMEWORK_SEARCH_PATHS = (
					"$(SDKROOT)/Developer/Library/Frameworks",
					"$(inherited)",
				);
				INFOPLIST_FILE = FunFactsTests/Info.plist;
				LD_RUNPATH_SEARCH_PATHS = "$(inherited) @executable_path/Frameworks @loader_path/Frameworks";
				PRODUCT_NAME = "$(TARGET_NAME)";
				TEST_HOST = "$(BUILT_PRODUCTS_DIR)/FunFacts.app/FunFacts";
			};
			name = Release;
		};
/* End XCBuildConfiguration section */

/* Begin XCConfigurationList section */
		80C8330B1A71CD1200CC065D /* Build configuration list for PBXProject "FunFacts" */ = {
			isa = XCConfigurationList;
			buildConfigurations = (
				80C8332D1A71CD1200CC065D /* Debug */,
				80C8332E1A71CD1200CC065D /* Release */,
			);
			defaultConfigurationIsVisible = 0;
			defaultConfigurationName = Release;
		};
		80C8332F1A71CD1200CC065D /* Build configuration list for PBXNativeTarget "FunFacts" */ = {
			isa = XCConfigurationList;
			buildConfigurations = (
				80C833301A71CD1200CC065D /* Debug */,
				80C833311A71CD1200CC065D /* Release */,
			);
			defaultConfigurationIsVisible = 0;
		};
		80C833321A71CD1200CC065D /* Build configuration list for PBXNativeTarget "FunFactsTests" */ = {
			isa = XCConfigurationList;
			buildConfigurations = (
				80C833331A71CD1200CC065D /* Debug */,
				80C833341A71CD1200CC065D /* Release */,
			);
			defaultConfigurationIsVisible = 0;
		};
/* End XCConfigurationList section */
	};
	rootObject = 80C833081A71CD1200CC065D /* Project object */;
}
